
Microsoft Visual Studio Solution File, Format Version 12.00
# Visual Studio Version 17
VisualStudioVersion = 17.6.33723.286
MinimumVisualStudioVersion = 10.0.40219.1
Project("{FAE04EC0-301F-11D3-BF4B-00C04F79EFBC}") = "PPSK_TM", "PPSK_TM\PPSK_TM.csproj", "{76D0A986-B621-43BE-A455-C9DF2879BE76}"
EndProject
Global
	GlobalSection(SolutionConfigurationPlatforms) = preSolution
		Debug|Any CPU = Debug|Any CPU
		Release|Any CPU = Release|Any CPU
	EndGlobalSection
	GlobalSection(ProjectConfigurationPlatforms) = postSolution
		{76D0A986-B621-43BE-A455-C9DF2879BE76}.Debug|Any CPU.ActiveCfg = Debug|Any CPU
		{76D0A986-B621-43BE-A455-C9DF2879BE76}.Debug|Any CPU.Build.0 = Debug|Any CPU
		{76D0A986-B621-43BE-A455-C9DF2879BE76}.Release|Any CPU.ActiveCfg = Release|Any CPU
		{76D0A986-B621-43BE-A455-C9DF2879BE76}.Release|Any CPU.Build.0 = Release|Any CPU
	EndGlobalSection
	GlobalSection(SolutionProperties) = preSolution
		HideSolutionNode = FALSE
	EndGlobalSection
	GlobalSection(ExtensibilityGlobals) = postSolution
		SolutionGuid = {2969A51A-9E8C-427A-9E22-FE84A97CE1FA}
	EndGlobalSection
EndGlobal
